
Microsoft Visual Studio Solution File, Format Version 12.00
# Visual Studio Version 17
VisualStudioVersion = 17.12.35527.113
MinimumVisualStudioVersion = 10.0.40219.1
Project("{FAE04EC0-301F-11D3-BF4B-00C04F79EFBC}") = "NoteLock-FrontEnd", "NoteLock-FrontEnd\NoteLock-FrontEnd.csproj", "{CA714B2D-3066-40E6-85B4-C27B72DCCD17}"
EndProject
Project("{FAE04EC0-301F-11D3-BF4B-00C04F79EFBC}") = "backend-services", "backend-services\backend-services.csproj", "{7C599374-04F1-4C37-92B9-C191C115D79D}"
EndProject
Global
	GlobalSection(SolutionConfigurationPlatforms) = preSolution
		Debug|Any CPU = Debug|Any CPU
		Release|Any CPU = Release|Any CPU
	EndGlobalSection
	GlobalSection(ProjectConfigurationPlatforms) = postSolution
		{CA714B2D-3066-40E6-85B4-C27B72DCCD17}.Debug|Any CPU.ActiveCfg = Debug|Any CPU
		{CA714B2D-3066-40E6-85B4-C27B72DCCD17}.Debug|Any CPU.Build.0 = Debug|Any CPU
		{CA714B2D-3066-40E6-85B4-C27B72DCCD17}.Release|Any CPU.ActiveCfg = Release|Any CPU
		{CA714B2D-3066-40E6-85B4-C27B72DCCD17}.Release|Any CPU.Build.0 = Release|Any CPU
		{7C599374-04F1-4C37-92B9-C191C115D79D}.Debug|Any CPU.ActiveCfg = Debug|Any CPU
		{7C599374-04F1-4C37-92B9-C191C115D79D}.Debug|Any CPU.Build.0 = Debug|Any CPU
		{7C599374-04F1-4C37-92B9-C191C115D79D}.Release|Any CPU.ActiveCfg = Release|Any CPU
		{7C599374-04F1-4C37-92B9-C191C115D79D}.Release|Any CPU.Build.0 = Release|Any CPU
	EndGlobalSection
	GlobalSection(SolutionProperties) = preSolution
		HideSolutionNode = FALSE
	EndGlobalSection
EndGlobal
